
Microsoft Visual Studio Solution File, Format Version 12.00
# Visual Studio 2013
VisualStudioVersion = 12.0.31101.0
MinimumVisualStudioVersion = 10.0.40219.1
Project("{FAE04EC0-301F-11D3-BF4B-00C04F79EFBC}") = "HttpFuzzer.Net.Gui", "HttpFuzzer.Gui\HttpFuzzer.Net.Gui.csproj", "{906A2F10-E9B5-4B15-B02B-7BD0D94AFA06}"
EndProject
Project("{FAE04EC0-301F-11D3-BF4B-00C04F79EFBC}") = "HttpFuzzer.Net.Server", "HttpFuzzer.Server\HttpFuzzer.Net.Server.csproj", "{F7746A37-36DD-4780-B200-A719D560CA90}"
EndProject
Global
	GlobalSection(SolutionConfigurationPlatforms) = preSolution
		Debug|Any CPU = Debug|Any CPU
		Release|Any CPU = Release|Any CPU
	EndGlobalSection
	GlobalSection(ProjectConfigurationPlatforms) = postSolution
		{906A2F10-E9B5-4B15-B02B-7BD0D94AFA06}.Debug|Any CPU.ActiveCfg = Debug|Any CPU
		{906A2F10-E9B5-4B15-B02B-7BD0D94AFA06}.Debug|Any CPU.Build.0 = Debug|Any CPU
		{906A2F10-E9B5-4B15-B02B-7BD0D94AFA06}.Release|Any CPU.ActiveCfg = Release|Any CPU
		{906A2F10-E9B5-4B15-B02B-7BD0D94AFA06}.Release|Any CPU.Build.0 = Release|Any CPU
		{F7746A37-36DD-4780-B200-A719D560CA90}.Debug|Any CPU.ActiveCfg = Debug|Any CPU
		{F7746A37-36DD-4780-B200-A719D560CA90}.Debug|Any CPU.Build.0 = Debug|Any CPU
		{F7746A37-36DD-4780-B200-A719D560CA90}.Release|Any CPU.ActiveCfg = Release|Any CPU
		{F7746A37-36DD-4780-B200-A719D560CA90}.Release|Any CPU.Build.0 = Release|Any CPU
	EndGlobalSection
	GlobalSection(SolutionProperties) = preSolution
		HideSolutionNode = FALSE
	EndGlobalSection
EndGlobal
